
Microsoft Visual Studio Solution File, Format Version 12.00
# Visual Studio Version 16
VisualStudioVersion = 16.0.30523.141
MinimumVisualStudioVersion = 10.0.40219.1
Project("{FAE04EC0-301F-11D3-BF4B-00C04F79EFBC}") = "WebQuanAo_Demo", "WebQuanAo_Demo\WebQuanAo_Demo.csproj", "{1A8B4C5C-0F2B-4E9B-83F4-4AA29CA24CF5}"
EndProject
Global
	GlobalSection(SolutionConfigurationPlatforms) = preSolution
		Debug|Any CPU = Debug|Any CPU
		Release|Any CPU = Release|Any CPU
	EndGlobalSection
	GlobalSection(ProjectConfigurationPlatforms) = postSolution
		{1A8B4C5C-0F2B-4E9B-83F4-4AA29CA24CF5}.Debug|Any CPU.ActiveCfg = Debug|Any CPU
		{1A8B4C5C-0F2B-4E9B-83F4-4AA29CA24CF5}.Debug|Any CPU.Build.0 = Debug|Any CPU
		{1A8B4C5C-0F2B-4E9B-83F4-4AA29CA24CF5}.Release|Any CPU.ActiveCfg = Release|Any CPU
		{1A8B4C5C-0F2B-4E9B-83F4-4AA29CA24CF5}.Release|Any CPU.Build.0 = Release|Any CPU
	EndGlobalSection
	GlobalSection(SolutionProperties) = preSolution
		HideSolutionNode = FALSE
	EndGlobalSection
	GlobalSection(ExtensibilityGlobals) = postSolution
		SolutionGuid = {4D916407-827C-4646-ACC5-A36CA43962BA}
	EndGlobalSection
EndGlobal
